
Microsoft Visual Studio Solution File, Format Version 12.00
# Visual Studio Version 17
VisualStudioVersion = 17.6.33801.468
MinimumVisualStudioVersion = 10.0.40219.1
Project("{FAE04EC0-301F-11D3-BF4B-00C04F79EFBC}") = "LABRADTAREA.Android", "LABRADTAREA\LABRADTAREA.Android\LABRADTAREA.Android.csproj", "{D4F2D8EB-9009-48C5-9C42-8B57CAD0D5D9}"
EndProject
Project("{FAE04EC0-301F-11D3-BF4B-00C04F79EFBC}") = "LABRADTAREA.iOS", "LABRADTAREA\LABRADTAREA.iOS\LABRADTAREA.iOS.csproj", "{3750846F-9101-4C82-97E0-3A82CD9B2DF5}"
EndProject
Project("{FAE04EC0-301F-11D3-BF4B-00C04F79EFBC}") = "LABRADTAREA", "LABRADTAREA\LABRADTAREA\LABRADTAREA.csproj", "{2624150A-ED9E-4EA7-9458-BD9C63ACA1E7}"
EndProject
Global
	GlobalSection(SolutionConfigurationPlatforms) = preSolution
		Debug|Any CPU = Debug|Any CPU
		Debug|iPhone = Debug|iPhone
		Debug|iPhoneSimulator = Debug|iPhoneSimulator
		Release|Any CPU = Release|Any CPU
		Release|iPhone = Release|iPhone
		Release|iPhoneSimulator = Release|iPhoneSimulator
	EndGlobalSection
	GlobalSection(ProjectConfigurationPlatforms) = postSolution
		{D4F2D8EB-9009-48C5-9C42-8B57CAD0D5D9}.Debug|Any CPU.ActiveCfg = Debug|Any CPU
		{D4F2D8EB-9009-48C5-9C42-8B57CAD0D5D9}.Debug|Any CPU.Build.0 = Debug|Any CPU
		{D4F2D8EB-9009-48C5-9C42-8B57CAD0D5D9}.Debug|Any CPU.Deploy.0 = Debug|Any CPU
		{D4F2D8EB-9009-48C5-9C42-8B57CAD0D5D9}.Debug|iPhone.ActiveCfg = Debug|Any CPU
		{D4F2D8EB-9009-48C5-9C42-8B57CAD0D5D9}.Debug|iPhone.Build.0 = Debug|Any CPU
		{D4F2D8EB-9009-48C5-9C42-8B57CAD0D5D9}.Debug|iPhone.Deploy.0 = Debug|Any CPU
		{D4F2D8EB-9009-48C5-9C42-8B57CAD0D5D9}.Debug|iPhoneSimulator.ActiveCfg = Debug|Any CPU
		{D4F2D8EB-9009-48C5-9C42-8B57CAD0D5D9}.Debug|iPhoneSimulator.Build.0 = Debug|Any CPU
		{D4F2D8EB-9009-48C5-9C42-8B57CAD0D5D9}.Debug|iPhoneSimulator.Deploy.0 = Debug|Any CPU
		{D4F2D8EB-9009-48C5-9C42-8B57CAD0D5D9}.Release|Any CPU.ActiveCfg = Release|Any CPU
		{D4F2D8EB-9009-48C5-9C42-8B57CAD0D5D9}.Release|Any CPU.Build.0 = Release|Any CPU
		{D4F2D8EB-9009-48C5-9C42-8B57CAD0D5D9}.Release|Any CPU.Deploy.0 = Release|Any CPU
		{D4F2D8EB-9009-48C5-9C42-8B57CAD0D5D9}.Release|iPhone.ActiveCfg = Release|Any CPU
		{D4F2D8EB-9009-48C5-9C42-8B57CAD0D5D9}.Release|iPhone.Build.0 = Release|Any CPU
		{D4F2D8EB-9009-48C5-9C42-8B57CAD0D5D9}.Release|iPhone.Deploy.0 = Release|Any CPU
		{D4F2D8EB-9009-48C5-9C42-8B57CAD0D5D9}.Release|iPhoneSimulator.ActiveCfg = Release|Any CPU
		{D4F2D8EB-9009-48C5-9C42-8B57CAD0D5D9}.Release|iPhoneSimulator.Build.0 = Release|Any CPU
		{D4F2D8EB-9009-48C5-9C42-8B57CAD0D5D9}.Release|iPhoneSimulator.Deploy.0 = Release|Any CPU
		{3750846F-9101-4C82-97E0-3A82CD9B2DF5}.Debug|Any CPU.ActiveCfg = Debug|iPhone
		{3750846F-9101-4C82-97E0-3A82CD9B2DF5}.Debug|Any CPU.Build.0 = Debug|iPhone
		{3750846F-9101-4C82-97E0-3A82CD9B2DF5}.Debug|Any CPU.Deploy.0 = Debug|iPhone
		{3750846F-9101-4C82-97E0-3A82CD9B2DF5}.Debug|iPhone.ActiveCfg = Debug|iPhone
		{3750846F-9101-4C82-97E0-3A82CD9B2DF5}.Debug|iPhone.Build.0 = Debug|iPhone
		{3750846F-9101-4C82-97E0-3A82CD9B2DF5}.Debug|iPhone.Deploy.0 = Debug|iPhone
		{3750846F-9101-4C82-97E0-3A82CD9B2DF5}.Debug|iPhoneSimulator.ActiveCfg = Debug|iPhoneSimulator
		{3750846F-9101-4C82-97E0-3A82CD9B2DF5}.Debug|iPhoneSimulator.Build.0 = Debug|iPhoneSimulator
		{3750846F-9101-4C82-97E0-3A82CD9B2DF5}.Debug|iPhoneSimulator.Deploy.0 = Debug|iPhoneSimulator
		{3750846F-9101-4C82-97E0-3A82CD9B2DF5}.Release|Any CPU.ActiveCfg = Release|iPhoneSimulator
		{3750846F-9101-4C82-97E0-3A82CD9B2DF5}.Release|Any CPU.Build.0 = Release|iPhoneSimulator
		{3750846F-9101-4C82-97E0-3A82CD9B2DF5}.Release|Any CPU.Deploy.0 = Release|iPhoneSimulator
		{3750846F-9101-4C82-97E0-3A82CD9B2DF5}.Release|iPhone.ActiveCfg = Release|iPhone
		{3750846F-9101-4C82-97E0-3A82CD9B2DF5}.Release|iPhone.Build.0 = Release|iPhone
		{3750846F-9101-4C82-97E0-3A82CD9B2DF5}.Release|iPhone.Deploy.0 = Release|iPhone
		{3750846F-9101-4C82-97E0-3A82CD9B2DF5}.Release|iPhoneSimulator.ActiveCfg = Release|iPhoneSimulator
		{3750846F-9101-4C82-97E0-3A82CD9B2DF5}.Release|iPhoneSimulator.Build.0 = Release|iPhoneSimulator
		{3750846F-9101-4C82-97E0-3A82CD9B2DF5}.Release|iPhoneSimulator.Deploy.0 = Release|iPhoneSimulator
		{2624150A-ED9E-4EA7-9458-BD9C63ACA1E7}.Debug|Any CPU.ActiveCfg = Debug|Any CPU
		{2624150A-ED9E-4EA7-9458-BD9C63ACA1E7}.Debug|Any CPU.Build.0 = Debug|Any CPU
		{2624150A-ED9E-4EA7-9458-BD9C63ACA1E7}.Debug|Any CPU.Deploy.0 = Debug|Any CPU
		{2624150A-ED9E-4EA7-9458-BD9C63ACA1E7}.Debug|iPhone.ActiveCfg = Debug|Any CPU
		{2624150A-ED9E-4EA7-9458-BD9C63ACA1E7}.Debug|iPhone.Build.0 = Debug|Any CPU
		{2624150A-ED9E-4EA7-9458-BD9C63ACA1E7}.Debug|iPhone.Deploy.0 = Debug|Any CPU
		{2624150A-ED9E-4EA7-9458-BD9C63ACA1E7}.Debug|iPhoneSimulator.ActiveCfg = Debug|Any CPU
		{2624150A-ED9E-4EA7-9458-BD9C63ACA1E7}.Debug|iPhoneSimulator.Build.0 = Debug|Any CPU
		{2624150A-ED9E-4EA7-9458-BD9C63ACA1E7}.Debug|iPhoneSimulator.Deploy.0 = Debug|Any CPU
		{2624150A-ED9E-4EA7-9458-BD9C63ACA1E7}.Release|Any CPU.ActiveCfg = Release|Any CPU
		{2624150A-ED9E-4EA7-9458-BD9C63ACA1E7}.Release|Any CPU.Build.0 = Release|Any CPU
		{2624150A-ED9E-4EA7-9458-BD9C63ACA1E7}.Release|Any CPU.Deploy.0 = Release|Any CPU
		{2624150A-ED9E-4EA7-9458-BD9C63ACA1E7}.Release|iPhone.ActiveCfg = Release|Any CPU
		{2624150A-ED9E-4EA7-9458-BD9C63ACA1E7}.Release|iPhone.Build.0 = Release|Any CPU
		{2624150A-ED9E-4EA7-9458-BD9C63ACA1E7}.Release|iPhone.Deploy.0 = Release|Any CPU
		{2624150A-ED9E-4EA7-9458-BD9C63ACA1E7}.Release|iPhoneSimulator.ActiveCfg = Release|Any CPU
		{2624150A-ED9E-4EA7-9458-BD9C63ACA1E7}.Release|iPhoneSimulator.Build.0 = Release|Any CPU
		{2624150A-ED9E-4EA7-9458-BD9C63ACA1E7}.Release|iPhoneSimulator.Deploy.0 = Release|Any CPU
	EndGlobalSection
	GlobalSection(SolutionProperties) = preSolution
		HideSolutionNode = FALSE
	EndGlobalSection
	GlobalSection(ExtensibilityGlobals) = postSolution
		SolutionGuid = {4E952B07-3F22-437A-9AC3-A30FECDB0AE6}
	EndGlobalSection
EndGlobal
